
Microsoft Visual Studio Solution File, Format Version 12.00
# Visual Studio Version 17
VisualStudioVersion = 17.1.32210.238
MinimumVisualStudioVersion = 10.0.40219.1
Project("{FAE04EC0-301F-11D3-BF4B-00C04F79EFBC}") = "Metotlar", "Metotlar\Metotlar.csproj", "{29B10F9B-F144-4ACF-8179-45672C7B6D2D}"
EndProject
Global
	GlobalSection(SolutionConfigurationPlatforms) = preSolution
		Debug|Any CPU = Debug|Any CPU
		Release|Any CPU = Release|Any CPU
	EndGlobalSection
	GlobalSection(ProjectConfigurationPlatforms) = postSolution
		{29B10F9B-F144-4ACF-8179-45672C7B6D2D}.Debug|Any CPU.ActiveCfg = Debug|Any CPU
		{29B10F9B-F144-4ACF-8179-45672C7B6D2D}.Debug|Any CPU.Build.0 = Debug|Any CPU
		{29B10F9B-F144-4ACF-8179-45672C7B6D2D}.Release|Any CPU.ActiveCfg = Release|Any CPU
		{29B10F9B-F144-4ACF-8179-45672C7B6D2D}.Release|Any CPU.Build.0 = Release|Any CPU
	EndGlobalSection
	GlobalSection(SolutionProperties) = preSolution
		HideSolutionNode = FALSE
	EndGlobalSection
	GlobalSection(ExtensibilityGlobals) = postSolution
		SolutionGuid = {99EDF54D-A8B7-49BF-B4E6-9D41CA18C6A8}
	EndGlobalSection
EndGlobal
